{
  "originHash" : "53025413439f246bf79f5c7fd78ae63d00331f61759cb03bcef74c68aa664dff",
  "pins" : [
    {
      "identity" : "dmaction",
      "kind" : "remoteSourceControl",
      "location" : "https://github.com/nikolay-dementiev/DMAction.git",
      "state" : {
        "branch" : "main",
        "revision" : "5b55adf807469364dbb2f95ac02cbc2b9bd86aa6"
      }
    },
    {
      "identity" : "swiftlintplugin",
      "kind" : "remoteSourceControl",
      "location" : "https://github.com/GayleDunham/SwiftLintPlugin.git",
      "state" : {
        "branch" : "main",
        "revision" : "0bb7767a7c64701b62cb6fcb4d846bd01869662b"
      }
    },
    {
      "identity" : "viewinspector",
      "kind" : "remoteSourceControl",
      "location" : "https://github.com/nalexn/ViewInspector",
      "state" : {
        "revision" : "788e7879d38a839c4e348ab0762dcc0364e646a2",
        "version" : "0.10.1"
      }
    }
  ],
  "version" : 3
}
