PODS:
  - DMErrorHandling (0.1.24)

DEPENDENCIES:
  - DMErrorHandling (from `../../`)

EXTERNAL SOURCES:
  DMErrorHandling:
    :path: "../../"

SPEC CHECKSUMS:
  DMErrorHandling: 3d492b4c5876edea49b28ecb68a36903595113a1

PODFILE CHECKSUM: 0da1a0e00175376ace8f927b5eda4e58dc148ffa

COCOAPODS: 1.16.2
