PODS:
  - DMErrorHandling (0.1.23)

DEPENDENCIES:
  - DMErrorHandling (from `../../`)

EXTERNAL SOURCES:
  DMErrorHandling:
    :path: "../../"

SPEC CHECKSUMS:
  DMErrorHandling: 5401943c05b54e9229ed491362baebe7e9f46264

PODFILE CHECKSUM: c564a3d0ae0eefaa01c6d57dc9edd1ef34add901

COCOAPODS: 1.16.2
